
Microsoft Visual Studio Solution File, Format Version 12.00
# Visual Studio Version 16
VisualStudioVersion = 16.0.31205.134
MinimumVisualStudioVersion = 10.0.40219.1
Project("{9A19103F-16F7-4668-BE54-9A1E7A4F7556}") = "OPCUAFunctions", "OPCUAFunctions.csproj", "{A9CDF8BC-308C-4163-A657-1544D95E8A07}"
EndProject
Global
	GlobalSection(SolutionConfigurationPlatforms) = preSolution
		Debug|Any CPU = Debug|Any CPU
		Release|Any CPU = Release|Any CPU
	EndGlobalSection
	GlobalSection(ProjectConfigurationPlatforms) = postSolution
		{A9CDF8BC-308C-4163-A657-1544D95E8A07}.Debug|Any CPU.ActiveCfg = Debug|Any CPU
		{A9CDF8BC-308C-4163-A657-1544D95E8A07}.Debug|Any CPU.Build.0 = Debug|Any CPU
		{A9CDF8BC-308C-4163-A657-1544D95E8A07}.Release|Any CPU.ActiveCfg = Release|Any CPU
		{A9CDF8BC-308C-4163-A657-1544D95E8A07}.Release|Any CPU.Build.0 = Release|Any CPU
	EndGlobalSection
	GlobalSection(SolutionProperties) = preSolution
		HideSolutionNode = FALSE
	EndGlobalSection
	GlobalSection(ExtensibilityGlobals) = postSolution
		SolutionGuid = {404830F8-148D-47CA-8D44-6950D25509D5}
	EndGlobalSection
EndGlobal
